
Microsoft Visual Studio Solution File, Format Version 12.00
# Visual Studio 14
VisualStudioVersion = 14.0.24720.0
MinimumVisualStudioVersion = 10.0.40219.1
Project("{FAE04EC0-301F-11D3-BF4B-00C04F79EFBC}") = "EloRatingTools", "EloRatingTools\EloRatingTools.csproj", "{A1EAF3F2-E064-4294-BDD3-A05EB06F4623}"
EndProject
Project("{FAE04EC0-301F-11D3-BF4B-00C04F79EFBC}") = "EloRatingTests", "EloRatingTests\EloRatingTests.csproj", "{8F5B7803-F8F6-4394-84AC-FE9F2ED4B65F}"
EndProject
Global
	GlobalSection(SolutionConfigurationPlatforms) = preSolution
		Debug|Any CPU = Debug|Any CPU
		Release|Any CPU = Release|Any CPU
	EndGlobalSection
	GlobalSection(ProjectConfigurationPlatforms) = postSolution
		{A1EAF3F2-E064-4294-BDD3-A05EB06F4623}.Debug|Any CPU.ActiveCfg = Debug|Any CPU
		{A1EAF3F2-E064-4294-BDD3-A05EB06F4623}.Debug|Any CPU.Build.0 = Debug|Any CPU
		{A1EAF3F2-E064-4294-BDD3-A05EB06F4623}.Release|Any CPU.ActiveCfg = Release|Any CPU
		{A1EAF3F2-E064-4294-BDD3-A05EB06F4623}.Release|Any CPU.Build.0 = Release|Any CPU
		{8F5B7803-F8F6-4394-84AC-FE9F2ED4B65F}.Debug|Any CPU.ActiveCfg = Debug|Any CPU
		{8F5B7803-F8F6-4394-84AC-FE9F2ED4B65F}.Debug|Any CPU.Build.0 = Debug|Any CPU
		{8F5B7803-F8F6-4394-84AC-FE9F2ED4B65F}.Release|Any CPU.ActiveCfg = Release|Any CPU
		{8F5B7803-F8F6-4394-84AC-FE9F2ED4B65F}.Release|Any CPU.Build.0 = Release|Any CPU
	EndGlobalSection
	GlobalSection(SolutionProperties) = preSolution
		HideSolutionNode = FALSE
	EndGlobalSection
EndGlobal
